
Microsoft Visual Studio Solution File, Format Version 12.00
# Visual Studio Version 16
VisualStudioVersion = 16.0.29728.190
MinimumVisualStudioVersion = 10.0.40219.1
Project("{FAE04EC0-301F-11D3-BF4B-00C04F79EFBC}") = "BookListRazor", "BookListRazor\BookListRazor.csproj", "{F11597F0-48BD-475B-9EA8-524810B57BFC}"
EndProject
Global
	GlobalSection(SolutionConfigurationPlatforms) = preSolution
		Debug|Any CPU = Debug|Any CPU
		Release|Any CPU = Release|Any CPU
	EndGlobalSection
	GlobalSection(ProjectConfigurationPlatforms) = postSolution
		{F11597F0-48BD-475B-9EA8-524810B57BFC}.Debug|Any CPU.ActiveCfg = Debug|Any CPU
		{F11597F0-48BD-475B-9EA8-524810B57BFC}.Debug|Any CPU.Build.0 = Debug|Any CPU
		{F11597F0-48BD-475B-9EA8-524810B57BFC}.Release|Any CPU.ActiveCfg = Release|Any CPU
		{F11597F0-48BD-475B-9EA8-524810B57BFC}.Release|Any CPU.Build.0 = Release|Any CPU
	EndGlobalSection
	GlobalSection(SolutionProperties) = preSolution
		HideSolutionNode = FALSE
	EndGlobalSection
	GlobalSection(ExtensibilityGlobals) = postSolution
		SolutionGuid = {14957A27-23AF-4B44-8D9B-CBB81DB58E09}
	EndGlobalSection
EndGlobal
